
Microsoft Visual Studio Solution File, Format Version 12.00
# Visual Studio 15
VisualStudioVersion = 15.0.26403.0
MinimumVisualStudioVersion = 10.0.40219.1
Project("{FAE04EC0-301F-11D3-BF4B-00C04F79EFBC}") = "GenerarGruia", "GenerarGruia\GenerarGruia.csproj", "{F5583505-3A74-4E7A-9090-06C28BA6D515}"
EndProject
Global
	GlobalSection(SolutionConfigurationPlatforms) = preSolution
		Debug|Any CPU = Debug|Any CPU
		Release|Any CPU = Release|Any CPU
	EndGlobalSection
	GlobalSection(ProjectConfigurationPlatforms) = postSolution
		{F5583505-3A74-4E7A-9090-06C28BA6D515}.Debug|Any CPU.ActiveCfg = Debug|Any CPU
		{F5583505-3A74-4E7A-9090-06C28BA6D515}.Debug|Any CPU.Build.0 = Debug|Any CPU
		{F5583505-3A74-4E7A-9090-06C28BA6D515}.Release|Any CPU.ActiveCfg = Release|Any CPU
		{F5583505-3A74-4E7A-9090-06C28BA6D515}.Release|Any CPU.Build.0 = Release|Any CPU
	EndGlobalSection
	GlobalSection(SolutionProperties) = preSolution
		HideSolutionNode = FALSE
	EndGlobalSection
	GlobalSection(TeamFoundationVersionControl) = preSolution
		SccNumberOfProjects = 2
		SccEnterpriseProvider = {4CA58AB2-18FA-4F8D-95D4-32DDF27D184C}
		SccTeamFoundationServer = https://nota10.visualstudio.com/
		SccLocalPath0 = .
		SccProjectUniqueName1 = GenerarGruia\\GenerarGruia.csproj
		SccProjectName1 = GenerarGruia
		SccLocalPath1 = GenerarGruia
	EndGlobalSection
EndGlobal
